# THIS IS AN AUTOGENERATED FILE. DO NOT EDIT THIS FILE DIRECTLY.
# yarn lockfile v1


"@types/node@*":
  version "13.13.2"
  resolved "https://registry.yarnpkg.com/@types/node/-/node-13.13.2.tgz#160d82623610db590a64e8ca81784e11117e5a54"
  integrity sha512-LB2R1Oyhpg8gu4SON/mfforE525+Hi/M1ineICEDftqNVTyFg1aRIeGuTvXAoWHc4nbrFncWtJgMmoyRvuGh7A==

ansi-styles@^3.2.1:
  version "3.2.1"
  resolved "https://registry.yarnpkg.com/ansi-styles/-/ansi-styles-3.2.1.tgz#41fbb20243e50b12be0f04b8dedbf07520ce841d"
  integrity sha512-VT0ZI6kZRdTh8YyJw3SMbYm/u+NqfsAxEpWO0Pf9sq8/e94WxxOpPKx9FR1FlyCtOVDNOQ+8ntlqFxiRc+r5qA==
  dependencies:
    color-convert "^1.9.0"

any-promise@^1.3.0:
  version "1.3.0"
  resolved "https://registry.yarnpkg.com/any-promise/-/any-promise-1.3.0.tgz#abc6afeedcea52e809cdc0376aed3ce39635d17f"
  integrity sha1-q8av7tzqUugJzcA3au0845Y10X8=

bluebird@^3.5.0:
  version "3.7.2"
  resolved "https://registry.yarnpkg.com/bluebird/-/bluebird-3.7.2.tgz#9f229c15be272454ffa973ace0dbee79a1b0c36f"
  integrity sha512-XpNj6GDQzdfW+r2Wnn7xiSAd7TM3jzkxGXBGTtWKuSXv1xUV+azxAm8jdWZN06QTQk+2N2XB9jRDkvbmQmcRtg==

chalk@^2.4.2:
  version "2.4.2"
  resolved "https://registry.yarnpkg.com/chalk/-/chalk-2.4.2.tgz#cd42541677a54333cf541a49108c1432b44c9424"
  integrity sha512-Mti+f9lpJNcwF4tWV8/OrTTtF1gZi+f8FqlyAdouralcFWFQWF2+NgCHShjkCb+IFBLq9buZwE1xckQU4peSuQ==
  dependencies:
    ansi-styles "^3.2.1"
    escape-string-regexp "^1.0.5"
    supports-color "^5.3.0"

cls-bluebird@^2.1.0:
  version "2.1.0"
  resolved "https://registry.yarnpkg.com/cls-bluebird/-/cls-bluebird-2.1.0.tgz#37ef1e080a8ffb55c2f4164f536f1919e7968aee"
  integrity sha1-N+8eCAqP+1XC9BZPU28ZGeeWiu4=
  dependencies:
    is-bluebird "^1.0.2"
    shimmer "^1.1.0"

color-convert@^1.9.0:
  version "1.9.3"
  resolved "https://registry.yarnpkg.com/color-convert/-/color-convert-1.9.3.tgz#bb71850690e1f136567de629d2d5471deda4c1e8"
  integrity sha512-QfAUtd+vFdAtFQcC8CCyYt1fYWxSqAiK2cSD6zDB8N3cpsEBAvRxp9zOGg6G/SHHJYAT88/az/IuDGALsNVbGg==
  dependencies:
    color-name "1.1.3"

color-name@1.1.3:
  version "1.1.3"
  resolved "https://registry.yarnpkg.com/color-name/-/color-name-1.1.3.tgz#a7d0558bd89c42f795dd42328f740831ca53bc25"
  integrity sha1-p9BVi9icQveV3UIyj3QIMcpTvCU=

debug@^4.1.1:
  version "4.1.1"
  resolved "https://registry.yarnpkg.com/debug/-/debug-4.1.1.tgz#3b72260255109c6b589cee050f1d516139664791"
  integrity sha512-pYAIzeRo8J6KPEaJ0VWOh5Pzkbw/RetuzehGM7QRRX5he4fPHx2rdKMB256ehJCkX+XRQm16eZLqLNS8RSZXZw==
  dependencies:
    ms "^2.1.1"

dottie@^2.0.0:
  version "2.0.2"
  resolved "https://registry.yarnpkg.com/dottie/-/dottie-2.0.2.tgz#cc91c0726ce3a054ebf11c55fbc92a7f266dd154"
  integrity sha512-fmrwR04lsniq/uSr8yikThDTrM7epXHBAAjH9TbeH3rEA8tdCO7mRzB9hdmdGyJCxF8KERo9CITcm3kGuoyMhg==

escape-string-regexp@^1.0.5:
  version "1.0.5"
  resolved "https://registry.yarnpkg.com/escape-string-regexp/-/escape-string-regexp-1.0.5.tgz#1b61c0562190a8dff6ae3bb2cf0200ca130b86d4"
  integrity sha1-G2HAViGQqN/2rjuyzwIAyhMLhtQ=

has-flag@^3.0.0:
  version "3.0.0"
  resolved "https://registry.yarnpkg.com/has-flag/-/has-flag-3.0.0.tgz#b5d454dc2199ae225699f3467e5a07f3b955bafd"
  integrity sha1-tdRU3CGZriJWmfNGfloH87lVuv0=

henta@^3.0.0:
  version "2.5.4"
  resolved "https://registry.yarnpkg.com/henta/-/henta-2.5.4.tgz#314341ba49ce67db96e22c06f4760cd10a795ad1"
  integrity sha512-NEp6KlHW0zdzkXU+ELoMsVhZ/rtT190ebBkqrIUT7GHjmSZYfMrr70AvXA7cN2K73lUH7DVOX1L/Zr0oAsuLcA==
  dependencies:
    chalk "^2.4.2"
    minimist "^1.2.0"
    node-fetch "^2.6.0"
    readline "^1.3.0"
    vk-io "^4.0.0-rc.30"

inflection@1.12.0:
  version "1.12.0"
  resolved "https://registry.yarnpkg.com/inflection/-/inflection-1.12.0.tgz#a200935656d6f5f6bc4dc7502e1aecb703228416"
  integrity sha1-ogCTVlbW9fa8TcdQLhrstwMihBY=

is-bluebird@^1.0.2:
  version "1.0.2"
  resolved "https://registry.yarnpkg.com/is-bluebird/-/is-bluebird-1.0.2.tgz#096439060f4aa411abee19143a84d6a55346d6e2"
  integrity sha1-CWQ5Bg9KpBGr7hkUOoTWpVNG1uI=

librcon@^1.0.3:
  version "1.0.3"
  resolved "https://registry.yarnpkg.com/librcon/-/librcon-1.0.3.tgz#6e53ae3409fccfee85cd27bf03bedc8cb9c42d17"
  integrity sha512-9WiryrRnZwyKg8qTvZ8sZgBTpDXr4OS9p27pkrDbNQrHhgh+b2I18sKBUvlPiTQO8XwxeRgITmJMxoUEIsDgXQ==

lodash@^4.17.15:
  version "4.17.15"
  resolved "https://registry.yarnpkg.com/lodash/-/lodash-4.17.15.tgz#b447f6670a0455bbfeedd11392eff330ea097548"
  integrity sha512-8xOcRHvCjnocdS5cpwXQXVzmmh5e5+saE2QGoeQmbKmRS6J3VQppPOIt0MnmE+4xlZoumy0GPG0D0MVIQbNA1A==

middleware-io@^2.1.0:
  version "2.5.0"
  resolved "https://registry.yarnpkg.com/middleware-io/-/middleware-io-2.5.0.tgz#7ce650077259c1ca718fdf27e883c9fbc3e55966"
  integrity sha512-UGy7fSCIX1QlTT+5lZAvp2M5mMBd0gdErmuAd7RWM9BTHnLH1iMSzHlelUe7di1EIgTcSFOlm7UL/pzP57+X/w==

minimist@^1.2.0:
  version "1.2.5"
  resolved "https://registry.yarnpkg.com/minimist/-/minimist-1.2.5.tgz#67d66014b66a6a8aaa0c083c5fd58df4e4e97602"
  integrity sha512-FM9nNUYrRBAELZQT3xeZQ7fmMOBg6nWNmJKTcgsJeaLstP/UODVpGsr5OhXhhXg6f+qtJ8uiZ+PUxkDWcgIXLw==

moment-timezone@^0.5.21:
  version "0.5.28"
  resolved "https://registry.yarnpkg.com/moment-timezone/-/moment-timezone-0.5.28.tgz#f093d789d091ed7b055d82aa81a82467f72e4338"
  integrity sha512-TDJkZvAyKIVWg5EtVqRzU97w0Rb0YVbfpqyjgu6GwXCAohVRqwZjf4fOzDE6p1Ch98Sro/8hQQi65WDXW5STPw==
  dependencies:
    moment ">= 2.9.0"

"moment@>= 2.9.0", moment@^2.24.0:
  version "2.24.0"
  resolved "https://registry.yarnpkg.com/moment/-/moment-2.24.0.tgz#0d055d53f5052aa653c9f6eb68bb5d12bf5c2b5b"
  integrity sha512-bV7f+6l2QigeBBZSM/6yTNq4P2fNpSWj/0e7jQcy87A8e7o2nAfP/34/2ky5Vw4B9S446EtIhodAzkFCcR4dQg==

ms@^2.1.1:
  version "2.1.2"
  resolved "https://registry.yarnpkg.com/ms/-/ms-2.1.2.tgz#d09d1f357b443f493382a8eb3ccd183872ae6009"
  integrity sha512-sGkPx+VjMtmA6MX27oA4FBFELFCZZ4S4XqeGOXCv68tT+jb3vk/RyaKWP0PTKyWtmLSM0b+adUTEvbs1PEaH2w==

node-fetch@^2.6.0:
  version "2.6.0"
  resolved "https://registry.yarnpkg.com/node-fetch/-/node-fetch-2.6.0.tgz#e633456386d4aa55863f676a7ab0daa8fdecb0fd"
  integrity sha512-8dG4H5ujfvFiqDmVu9fQ5bOHUC15JMjMY/Zumv26oOvvVJjM67KF8koCWIabKQ1GJIa9r2mMZscBq/TbdOcmNA==

rcon-client@^4.2.0:
  version "4.2.0"
  resolved "https://registry.yarnpkg.com/rcon-client/-/rcon-client-4.2.0.tgz#dbd4de7a06eccaf3988b94abe17fe1ac51665cda"
  integrity sha512-PXoGQiO6ztssnveLkY/AqMnokuzv+Ml8Zij65fYQ98N873KP2eiV+DbN3rijC7vfMgyy2DSKZ2gjoGD9iCPjVg==
  dependencies:
    typed-emitter "^0.1.0"

readline@^1.3.0:
  version "1.3.0"
  resolved "https://registry.yarnpkg.com/readline/-/readline-1.3.0.tgz#c580d77ef2cfc8752b132498060dc9793a7ac01c"
  integrity sha1-xYDXfvLPyHUrEySYBg3JeTp6wBw=

retry-as-promised@^3.2.0:
  version "3.2.0"
  resolved "https://registry.yarnpkg.com/retry-as-promised/-/retry-as-promised-3.2.0.tgz#769f63d536bec4783549db0777cb56dadd9d8543"
  integrity sha512-CybGs60B7oYU/qSQ6kuaFmRd9sTZ6oXSc0toqePvV74Ac6/IFZSI1ReFQmtCN+uvW1Mtqdwpvt/LGOiCBAY2Mg==
  dependencies:
    any-promise "^1.3.0"

sandwich-stream@^2.0.2:
  version "2.0.2"
  resolved "https://registry.yarnpkg.com/sandwich-stream/-/sandwich-stream-2.0.2.tgz#6d1feb6cf7e9fe9fadb41513459a72c2e84000fa"
  integrity sha512-jLYV0DORrzY3xaz/S9ydJL6Iz7essZeAfnAavsJ+zsJGZ1MOnsS52yRjU3uF3pJa/lla7+wisp//fxOwOH8SKQ==

semver@^6.3.0:
  version "6.3.0"
  resolved "https://registry.yarnpkg.com/semver/-/semver-6.3.0.tgz#ee0a64c8af5e8ceea67687b133761e1becbd1d3d"
  integrity sha512-b39TBaTSfV6yBrapU89p5fKekE2m/NwnDocOVruQFS1/veMgdzuPcnOM34M6CwxW8jH/lxEa5rBoDeUwu5HHTw==

sequelize-pool@^2.3.0:
  version "2.3.0"
  resolved "https://registry.yarnpkg.com/sequelize-pool/-/sequelize-pool-2.3.0.tgz#64f1fe8744228172c474f530604b6133be64993d"
  integrity sha512-Ibz08vnXvkZ8LJTiUOxRcj1Ckdn7qafNZ2t59jYHMX1VIebTAOYefWdRYFt6z6+hy52WGthAHAoLc9hvk3onqA==

sequelize@^5.21.7:
  version "5.21.7"
  resolved "https://registry.yarnpkg.com/sequelize/-/sequelize-5.21.7.tgz#ea0ef177d7d6228b1c3b6efdac2db31e05e3441a"
  integrity sha512-+JrS5Co7CN53cOFFFaUb+xqQP00wD1Ag9xGLBLoUko2KhRZxjm+UDkqAVPHTUp87McLwJaCPkKv61GPhBVloRQ==
  dependencies:
    bluebird "^3.5.0"
    cls-bluebird "^2.1.0"
    debug "^4.1.1"
    dottie "^2.0.0"
    inflection "1.12.0"
    lodash "^4.17.15"
    moment "^2.24.0"
    moment-timezone "^0.5.21"
    retry-as-promised "^3.2.0"
    semver "^6.3.0"
    sequelize-pool "^2.3.0"
    toposort-class "^1.0.1"
    uuid "^3.3.3"
    validator "^10.11.0"
    wkx "^0.4.8"

shimmer@^1.1.0:
  version "1.2.1"
  resolved "https://registry.yarnpkg.com/shimmer/-/shimmer-1.2.1.tgz#610859f7de327b587efebf501fb43117f9aff337"
  integrity sha512-sQTKC1Re/rM6XyFM6fIAGHRPVGvyXfgzIDvzoq608vM+jeyVD0Tu1E6Np0Kc2zAIFWIj963V2800iF/9LPieQw==

supports-color@^5.3.0:
  version "5.5.0"
  resolved "https://registry.yarnpkg.com/supports-color/-/supports-color-5.5.0.tgz#e2e69a44ac8772f78a1ec0b35b689df6530efc8f"
  integrity sha512-QjVjwdXIt408MIiAqCX4oUKsgU2EqAGzs2Ppkm4aQYbjm+ZEWEcW4SfFNTr4uMNZma0ey4f5lgLrkB0aX0QMow==
  dependencies:
    has-flag "^3.0.0"

toposort-class@^1.0.1:
  version "1.0.1"
  resolved "https://registry.yarnpkg.com/toposort-class/-/toposort-class-1.0.1.tgz#7ffd1f78c8be28c3ba45cd4e1a3f5ee193bd9988"
  integrity sha1-f/0feMi+KMO6Rc1OGj9e4ZO9mYg=

typed-emitter@^0.1.0:
  version "0.1.0"
  resolved "https://registry.yarnpkg.com/typed-emitter/-/typed-emitter-0.1.0.tgz#ca532f100ccbf850e3a73b8ebf43d43e4f1f3849"
  integrity sha512-Tfay0l6gJMP5rkil8CzGbLthukn+9BN/VXWcABVFPjOoelJ+koW8BuPZYk+h/L+lEeIp1fSzVRiWRPIjKVjPdg==

uuid@^3.3.3:
  version "3.4.0"
  resolved "https://registry.yarnpkg.com/uuid/-/uuid-3.4.0.tgz#b23e4358afa8a202fe7a100af1f5f883f02007ee"
  integrity sha512-HjSDRw6gZE5JMggctHBcjVak08+KEVhSIiDzFnT9S9aegmp85S/bReBVTb4QTFaRNptJ9kuYaNhnbNEOkbKb/A==

validator@^10.11.0:
  version "10.11.0"
  resolved "https://registry.yarnpkg.com/validator/-/validator-10.11.0.tgz#003108ea6e9a9874d31ccc9e5006856ccd76b228"
  integrity sha512-X/p3UZerAIsbBfN/IwahhYaBbY68EN/UQBWHtsbXGT5bfrH/p4NQzUCG1kF/rtKaNpnJ7jAu6NGTdSNtyNIXMw==

vk-io@^4.0.0-rc.30:
  version "4.0.0-rc.30"
  resolved "https://registry.yarnpkg.com/vk-io/-/vk-io-4.0.0-rc.30.tgz#12e219f8d29f61ee6ad56967cddf4645518a3533"
  integrity sha512-ijdXtwpRX4SSA2FZn1QkaC3OTbB88sQFIRqP3+csIW7SuxzP+hSYn7XsQZMRVMncI5IwOTCR7fabPpQtNPHqfA==
  dependencies:
    debug "^4.1.1"
    middleware-io "^2.1.0"
    node-fetch "^2.6.0"
    sandwich-stream "^2.0.2"

wkx@^0.4.8:
  version "0.4.8"
  resolved "https://registry.yarnpkg.com/wkx/-/wkx-0.4.8.tgz#a092cf088d112683fdc7182fd31493b2c5820003"
  integrity sha512-ikPXMM9IR/gy/LwiOSqWlSL3X/J5uk9EO2hHNRXS41eTLXaUFEVw9fn/593jW/tE5tedNg8YjT5HkCa4FqQZyQ==
  dependencies:
    "@types/node" "*"
