# THIS IS AN AUTOGENERATED FILE. DO NOT EDIT THIS FILE DIRECTLY.
# yarn lockfile v1


"@types/node@^13.13.0":
  version "13.13.0"
  resolved "https://registry.yarnpkg.com/@types/node/-/node-13.13.0.tgz#30d2d09f623fe32cde9cb582c7a6eda2788ce4a8"
  integrity sha512-WE4IOAC6r/yBZss1oQGM5zs2D7RuKR6Q+w+X2SouPofnWn+LbCqClRyhO3ZE7Ix8nmFgo/oVuuE01cJT2XB13A==

debug@^4.1.1:
  version "4.1.1"
  resolved "https://registry.yarnpkg.com/debug/-/debug-4.1.1.tgz#3b72260255109c6b589cee050f1d516139664791"
  integrity sha512-pYAIzeRo8J6KPEaJ0VWOh5Pzkbw/RetuzehGM7QRRX5he4fPHx2rdKMB256ehJCkX+XRQm16eZLqLNS8RSZXZw==
  dependencies:
    ms "^2.1.1"

emittery@^0.6.0:
  version "0.6.0"
  resolved "https://registry.yarnpkg.com/emittery/-/emittery-0.6.0.tgz#e85312468d77c3ed9a6adf43bb57d34849e0c95a"
  integrity sha512-6EMRGr9KzYWp8DzHFZsKVZBsMO6QhAeHMeHND8rhyBNCHKMLpgW9tZv40bwN3rAIKRS5CxcK8oLRKUJSB9h7yQ==

middleware-io@^2.1.0:
  version "2.5.0"
  resolved "https://registry.yarnpkg.com/middleware-io/-/middleware-io-2.5.0.tgz#7ce650077259c1ca718fdf27e883c9fbc3e55966"
  integrity sha512-UGy7fSCIX1QlTT+5lZAvp2M5mMBd0gdErmuAd7RWM9BTHnLH1iMSzHlelUe7di1EIgTcSFOlm7UL/pzP57+X/w==

ms@^2.1.1:
  version "2.1.2"
  resolved "https://registry.yarnpkg.com/ms/-/ms-2.1.2.tgz#d09d1f357b443f493382a8eb3ccd183872ae6009"
  integrity sha512-sGkPx+VjMtmA6MX27oA4FBFELFCZZ4S4XqeGOXCv68tT+jb3vk/RyaKWP0PTKyWtmLSM0b+adUTEvbs1PEaH2w==

node-fetch@^2.6.0:
  version "2.6.1"
  resolved "https://registry.yarnpkg.com/node-fetch/-/node-fetch-2.6.1.tgz#045bd323631f76ed2e2b55573394416b639a0052"
  integrity sha512-V4aYg89jEoVRxRb2fJdAg8FHvI7cEyYdVAh94HH0UIK8oJxUfkjlDQN9RbMx+bEjP7+ggMiFRprSti032Oipxw==

picomatch@^2.0.7:
  version "2.2.1"
  resolved "https://registry.yarnpkg.com/picomatch/-/picomatch-2.2.1.tgz#21bac888b6ed8601f831ce7816e335bc779f0a4a"
  integrity sha512-ISBaA8xQNmwELC7eOjqFKMESB2VIqt4PPDD0nsS95b/9dZXvVKOlz9keMSnoGGKcOHXfTvDD6WMaRoSc9UuhRA==

readdirp@^3.3.0:
  version "3.3.0"
  resolved "https://registry.yarnpkg.com/readdirp/-/readdirp-3.3.0.tgz#984458d13a1e42e2e9f5841b129e162f369aff17"
  integrity sha512-zz0pAkSPOXXm1viEwygWIPSPkcBYjW1xU5j/JBh5t9bGCJwa6f9+BJa6VaB2g+b55yVrmXzqkyLf4xaWYM0IkQ==
  dependencies:
    picomatch "^2.0.7"

sandwich-stream@^2.0.2:
  version "2.0.2"
  resolved "https://registry.yarnpkg.com/sandwich-stream/-/sandwich-stream-2.0.2.tgz#6d1feb6cf7e9fe9fadb41513459a72c2e84000fa"
  integrity sha512-jLYV0DORrzY3xaz/S9ydJL6Iz7essZeAfnAavsJ+zsJGZ1MOnsS52yRjU3uF3pJa/lla7+wisp//fxOwOH8SKQ==

vk-io@^4.0.0-rc.30:
  version "4.0.0-rc.30"
  resolved "https://registry.yarnpkg.com/vk-io/-/vk-io-4.0.0-rc.30.tgz#12e219f8d29f61ee6ad56967cddf4645518a3533"
  integrity sha512-ijdXtwpRX4SSA2FZn1QkaC3OTbB88sQFIRqP3+csIW7SuxzP+hSYn7XsQZMRVMncI5IwOTCR7fabPpQtNPHqfA==
  dependencies:
    debug "^4.1.1"
    middleware-io "^2.1.0"
    node-fetch "^2.6.0"
    sandwich-stream "^2.0.2"

vm2@^3.8.4:
  version "3.8.4"
  resolved "https://registry.yarnpkg.com/vm2/-/vm2-3.8.4.tgz#882be9135467942d84d1af80b6e6549b57c69041"
  integrity sha512-5HThl+RBO/pwE9SF0kM4nLrpq5vXHBNk4BMX27xztvl0j1RsZ4/PMVJAu9rM9yfOtTo5KroL7XNX3031ExleSw==
